// !$*UTF8*$!
{
	archiveVersion = 1;
	classes = {
	};
	objectVersion = 56;
	objects = {

/* Begin PBXBuildFile section */
		243EBF762ADEA8D1009F0922 /* AppDelegate.swift in Sources */ = {isa = PBXBuildFile; fileRef = 243EBF752ADEA8D1009F0922 /* AppDelegate.swift */; };
		243EBF7F2ADEA8D5009F0922 /* Assets.xcassets in Resources */ = {isa = PBXBuildFile; fileRef = 243EBF7E2ADEA8D5009F0922 /* Assets.xcassets */; };
		243EBF822ADEA8D5009F0922 /* LaunchScreen.storyboard in Resources */ = {isa = PBXBuildFile; fileRef = 243EBF802ADEA8D5009F0922 /* LaunchScreen.storyboard */; };
		243EBF8A2ADEA91C009F0922 /* MainRouter.swift in Sources */ = {isa = PBXBuildFile; fileRef = 243EBF892ADEA91C009F0922 /* MainRouter.swift */; };
		243EBF8F2ADEA966009F0922 /* MenuViewController.swift in Sources */ = {isa = PBXBuildFile; fileRef = 243EBF8D2ADEA966009F0922 /* MenuViewController.swift */; };
		243EBF902ADEA966009F0922 /* MenuViewController.xib in Resources */ = {isa = PBXBuildFile; fileRef = 243EBF8E2ADEA966009F0922 /* MenuViewController.xib */; };
		243EBF962ADEA9A3009F0922 /* GameViewController.swift in Sources */ = {isa = PBXBuildFile; fileRef = 243EBF942ADEA9A3009F0922 /* GameViewController.swift */; };
		243EBF972ADEA9A3009F0922 /* GameViewController.xib in Resources */ = {isa = PBXBuildFile; fileRef = 243EBF952ADEA9A3009F0922 /* GameViewController.xib */; };
		243EBF9A2ADEA9B5009F0922 /* WinOrLossViewController.swift in Sources */ = {isa = PBXBuildFile; fileRef = 243EBF982ADEA9B4009F0922 /* WinOrLossViewController.swift */; };
		243EBF9B2ADEA9B5009F0922 /* WinOrLossViewController.xib in Resources */ = {isa = PBXBuildFile; fileRef = 243EBF992ADEA9B4009F0922 /* WinOrLossViewController.xib */; };
		243EBF9D2ADEA9C9009F0922 /* PrivacyPolicyViewController.swift in Sources */ = {isa = PBXBuildFile; fileRef = 243EBF9C2ADEA9C9009F0922 /* PrivacyPolicyViewController.swift */; };
		243EBF9F2ADEAA8D009F0922 /* NameImage.swift in Sources */ = {isa = PBXBuildFile; fileRef = 243EBF9E2ADEAA8D009F0922 /* NameImage.swift */; };
		243EBFA22ADEC8C4009F0922 /* Fruits.swift in Sources */ = {isa = PBXBuildFile; fileRef = 243EBFA12ADEC8C4009F0922 /* Fruits.swift */; };
/* End PBXBuildFile section */

/* Begin PBXFileReference section */
		243EBF722ADEA8D1009F0922 /* Hey Spin.app */ = {isa = PBXFileReference; explicitFileType = wrapper.application; includeInIndex = 0; path = "Hey Spin.app"; sourceTree = BUILT_PRODUCTS_DIR; };
		243EBF752ADEA8D1009F0922 /* AppDelegate.swift */ = {isa = PBXFileReference; lastKnownFileType = sourcecode.swift; path = AppDelegate.swift; sourceTree = "<group>"; };
		243EBF7E2ADEA8D5009F0922 /* Assets.xcassets */ = {isa = PBXFileReference; lastKnownFileType = folder.assetcatalog; path = Assets.xcassets; sourceTree = "<group>"; };
		243EBF812ADEA8D5009F0922 /* Base */ = {isa = PBXFileReference; lastKnownFileType = file.storyboard; name = Base; path = Base.lproj/LaunchScreen.storyboard; sourceTree = "<group>"; };
		243EBF832ADEA8D5009F0922 /* Info.plist */ = {isa = PBXFileReference; lastKnownFileType = text.plist.xml; path = Info.plist; sourceTree = "<group>"; };
		243EBF892ADEA91C009F0922 /* MainRouter.swift */ = {isa = PBXFileReference; fileEncoding = 4; lastKnownFileType = sourcecode.swift; path = MainRouter.swift; sourceTree = "<group>"; };
		243EBF8D2ADEA966009F0922 /* MenuViewController.swift */ = {isa = PBXFileReference; lastKnownFileType = sourcecode.swift; path = MenuViewController.swift; sourceTree = "<group>"; };
		243EBF8E2ADEA966009F0922 /* MenuViewController.xib */ = {isa = PBXFileReference; lastKnownFileType = file.xib; path = MenuViewController.xib; sourceTree = "<group>"; };
		243EBF942ADEA9A3009F0922 /* GameViewController.swift */ = {isa = PBXFileReference; lastKnownFileType = sourcecode.swift; path = GameViewController.swift; sourceTree = "<group>"; };
		243EBF952ADEA9A3009F0922 /* GameViewController.xib */ = {isa = PBXFileReference; lastKnownFileType = file.xib; path = GameViewController.xib; sourceTree = "<group>"; };
		243EBF982ADEA9B4009F0922 /* WinOrLossViewController.swift */ = {isa = PBXFileReference; lastKnownFileType = sourcecode.swift; path = WinOrLossViewController.swift; sourceTree = "<group>"; };
		243EBF992ADEA9B4009F0922 /* WinOrLossViewController.xib */ = {isa = PBXFileReference; lastKnownFileType = file.xib; path = WinOrLossViewController.xib; sourceTree = "<group>"; };
		243EBF9C2ADEA9C9009F0922 /* PrivacyPolicyViewController.swift */ = {isa = PBXFileReference; lastKnownFileType = sourcecode.swift; path = PrivacyPolicyViewController.swift; sourceTree = "<group>"; };
		243EBF9E2ADEAA8D009F0922 /* NameImage.swift */ = {isa = PBXFileReference; lastKnownFileType = sourcecode.swift; path = NameImage.swift; sourceTree = "<group>"; };
		243EBFA12ADEC8C4009F0922 /* Fruits.swift */ = {isa = PBXFileReference; lastKnownFileType = sourcecode.swift; path = Fruits.swift; sourceTree = "<group>"; };
/* End PBXFileReference section */

/* Begin PBXFrameworksBuildPhase section */
		243EBF6F2ADEA8D1009F0922 /* Frameworks */ = {
			isa = PBXFrameworksBuildPhase;
			buildActionMask = 2147483647;
			files = (
			);
			runOnlyForDeploymentPostprocessing = 0;
		};
/* End PBXFrameworksBuildPhase section */

/* Begin PBXGroup section */
		243EBF692ADEA8D1009F0922 = {
			isa = PBXGroup;
			children = (
				243EBF742ADEA8D1009F0922 /* Hey Spin */,
				243EBF732ADEA8D1009F0922 /* Products */,
			);
			sourceTree = "<group>";
		};
		243EBF732ADEA8D1009F0922 /* Products */ = {
			isa = PBXGroup;
			children = (
				243EBF722ADEA8D1009F0922 /* Hey Spin.app */,
			);
			name = Products;
			sourceTree = "<group>";
		};
		243EBF742ADEA8D1009F0922 /* Hey Spin */ = {
			isa = PBXGroup;
			children = (
				243EBF752ADEA8D1009F0922 /* AppDelegate.swift */,
				243EBF892ADEA91C009F0922 /* MainRouter.swift */,
				243EBFA02ADEAA94009F0922 /* Models */,
				243EBF8B2ADEA92F009F0922 /* ViewControllers */,
				243EBF7E2ADEA8D5009F0922 /* Assets.xcassets */,
				243EBF802ADEA8D5009F0922 /* LaunchScreen.storyboard */,
				243EBF832ADEA8D5009F0922 /* Info.plist */,
			);
			path = "Hey Spin";
			sourceTree = "<group>";
		};
		243EBF8B2ADEA92F009F0922 /* ViewControllers */ = {
			isa = PBXGroup;
			children = (
				243EBF8C2ADEA93F009F0922 /* Menu */,
				243EBF912ADEA96B009F0922 /* Game */,
				243EBF932ADEA980009F0922 /* WinLoose */,
				243EBF922ADEA979009F0922 /* Terms */,
			);
			path = ViewControllers;
			sourceTree = "<group>";
		};
		243EBF8C2ADEA93F009F0922 /* Menu */ = {
			isa = PBXGroup;
			children = (
				243EBF8D2ADEA966009F0922 /* MenuViewController.swift */,
				243EBF8E2ADEA966009F0922 /* MenuViewController.xib */,
			);
			path = Menu;
			sourceTree = "<group>";
		};
		243EBF912ADEA96B009F0922 /* Game */ = {
			isa = PBXGroup;
			children = (
				243EBF942ADEA9A3009F0922 /* GameViewController.swift */,
				243EBF952ADEA9A3009F0922 /* GameViewController.xib */,
			);
			path = Game;
			sourceTree = "<group>";
		};
		243EBF922ADEA979009F0922 /* Terms */ = {
			isa = PBXGroup;
			children = (
				243EBF9C2ADEA9C9009F0922 /* PrivacyPolicyViewController.swift */,
			);
			path = Terms;
			sourceTree = "<group>";
		};
		243EBF932ADEA980009F0922 /* WinLoose */ = {
			isa = PBXGroup;
			children = (
				243EBF982ADEA9B4009F0922 /* WinOrLossViewController.swift */,
				243EBF992ADEA9B4009F0922 /* WinOrLossViewController.xib */,
			);
			path = WinLoose;
			sourceTree = "<group>";
		};
		243EBFA02ADEAA94009F0922 /* Models */ = {
			isa = PBXGroup;
			children = (
				243EBF9E2ADEAA8D009F0922 /* NameImage.swift */,
				243EBFA12ADEC8C4009F0922 /* Fruits.swift */,
			);
			path = Models;
			sourceTree = "<group>";
		};
/* End PBXGroup section */

/* Begin PBXNativeTarget section */
		243EBF712ADEA8D1009F0922 /* Hey Spin */ = {
			isa = PBXNativeTarget;
			buildConfigurationList = 243EBF862ADEA8D5009F0922 /* Build configuration list for PBXNativeTarget "Hey Spin" */;
			buildPhases = (
				243EBF6E2ADEA8D1009F0922 /* Sources */,
				243EBF6F2ADEA8D1009F0922 /* Frameworks */,
				243EBF702ADEA8D1009F0922 /* Resources */,
			);
			buildRules = (
			);
			dependencies = (
			);
			name = "Hey Spin";
			productName = "Hey Spin";
			productReference = 243EBF722ADEA8D1009F0922 /* Hey Spin.app */;
			productType = "com.apple.product-type.application";
		};
/* End PBXNativeTarget section */

/* Begin PBXProject section */
		243EBF6A2ADEA8D1009F0922 /* Project object */ = {
			isa = PBXProject;
			attributes = {
				BuildIndependentTargetsInParallel = 1;
				LastSwiftUpdateCheck = 1500;
				LastUpgradeCheck = 1500;
				TargetAttributes = {
					243EBF712ADEA8D1009F0922 = {
						CreatedOnToolsVersion = 15.0;
					};
				};
			};
			buildConfigurationList = 243EBF6D2ADEA8D1009F0922 /* Build configuration list for PBXProject "Hey Spin" */;
			compatibilityVersion = "Xcode 14.0";
			developmentRegion = en;
			hasScannedForEncodings = 0;
			knownRegions = (
				en,
				Base,
			);
			mainGroup = 243EBF692ADEA8D1009F0922;
			productRefGroup = 243EBF732ADEA8D1009F0922 /* Products */;
			projectDirPath = "";
			projectRoot = "";
			targets = (
				243EBF712ADEA8D1009F0922 /* Hey Spin */,
			);
		};
/* End PBXProject section */

/* Begin PBXResourcesBuildPhase section */
		243EBF702ADEA8D1009F0922 /* Resources */ = {
			isa = PBXResourcesBuildPhase;
			buildActionMask = 2147483647;
			files = (
				243EBF972ADEA9A3009F0922 /* GameViewController.xib in Resources */,
				243EBF822ADEA8D5009F0922 /* LaunchScreen.storyboard in Resources */,
				243EBF9B2ADEA9B5009F0922 /* WinOrLossViewController.xib in Resources */,
				243EBF902ADEA966009F0922 /* MenuViewController.xib in Resources */,
				243EBF7F2ADEA8D5009F0922 /* Assets.xcassets in Resources */,
			);
			runOnlyForDeploymentPostprocessing = 0;
		};
/* End PBXResourcesBuildPhase section */

/* Begin PBXSourcesBuildPhase section */
		243EBF6E2ADEA8D1009F0922 /* Sources */ = {
			isa = PBXSourcesBuildPhase;
			buildActionMask = 2147483647;
			files = (
				243EBF962ADEA9A3009F0922 /* GameViewController.swift in Sources */,
				243EBF762ADEA8D1009F0922 /* AppDelegate.swift in Sources */,
				243EBF9F2ADEAA8D009F0922 /* NameImage.swift in Sources */,
				243EBF9A2ADEA9B5009F0922 /* WinOrLossViewController.swift in Sources */,
				243EBFA22ADEC8C4009F0922 /* Fruits.swift in Sources */,
				243EBF9D2ADEA9C9009F0922 /* PrivacyPolicyViewController.swift in Sources */,
				243EBF8F2ADEA966009F0922 /* MenuViewController.swift in Sources */,
				243EBF8A2ADEA91C009F0922 /* MainRouter.swift in Sources */,
			);
			runOnlyForDeploymentPostprocessing = 0;
		};
/* End PBXSourcesBuildPhase section */

/* Begin PBXVariantGroup section */
		243EBF802ADEA8D5009F0922 /* LaunchScreen.storyboard */ = {
			isa = PBXVariantGroup;
			children = (
				243EBF812ADEA8D5009F0922 /* Base */,
			);
			name = LaunchScreen.storyboard;
			sourceTree = "<group>";
		};
/* End PBXVariantGroup section */

/* Begin XCBuildConfiguration section */
		243EBF842ADEA8D5009F0922 /* Debug */ = {
			isa = XCBuildConfiguration;
			buildSettings = {
				ALWAYS_SEARCH_USER_PATHS = NO;
				ASSETCATALOG_COMPILER_GENERATE_SWIFT_ASSET_SYMBOL_EXTENSIONS = YES;
				CLANG_ANALYZER_NONNULL = YES;
				CLANG_ANALYZER_NUMBER_OBJECT_CONVERSION = YES_AGGRESSIVE;
				CLANG_CXX_LANGUAGE_STANDARD = "gnu++20";
				CLANG_ENABLE_MODULES = YES;
				CLANG_ENABLE_OBJC_ARC = YES;
				CLANG_ENABLE_OBJC_WEAK = YES;
				CLANG_WARN_BLOCK_CAPTURE_AUTORELEASING = YES;
				CLANG_WARN_BOOL_CONVERSION = YES;
				CLANG_WARN_COMMA = YES;
				CLANG_WARN_CONSTANT_CONVERSION = YES;
				CLANG_WARN_DEPRECATED_OBJC_IMPLEMENTATIONS = YES;
				CLANG_WARN_DIRECT_OBJC_ISA_USAGE = YES_ERROR;
				CLANG_WARN_DOCUMENTATION_COMMENTS = YES;
				CLANG_WARN_EMPTY_BODY = YES;
				CLANG_WARN_ENUM_CONVERSION = YES;
				CLANG_WARN_INFINITE_RECURSION = YES;
				CLANG_WARN_INT_CONVERSION = YES;
				CLANG_WARN_NON_LITERAL_NULL_CONVERSION = YES;
				CLANG_WARN_OBJC_IMPLICIT_RETAIN_SELF = YES;
				CLANG_WARN_OBJC_LITERAL_CONVERSION = YES;
				CLANG_WARN_OBJC_ROOT_CLASS = YES_ERROR;
				CLANG_WARN_QUOTED_INCLUDE_IN_FRAMEWORK_HEADER = YES;
				CLANG_WARN_RANGE_LOOP_ANALYSIS = YES;
				CLANG_WARN_STRICT_PROTOTYPES = YES;
				CLANG_WARN_SUSPICIOUS_MOVE = YES;
				CLANG_WARN_UNGUARDED_AVAILABILITY = YES_AGGRESSIVE;
				CLANG_WARN_UNREACHABLE_CODE = YES;
				CLANG_WARN__DUPLICATE_METHOD_MATCH = YES;
				COPY_PHASE_STRIP = NO;
				DEBUG_INFORMATION_FORMAT = dwarf;
				ENABLE_STRICT_OBJC_MSGSEND = YES;
				ENABLE_TESTABILITY = YES;
				ENABLE_USER_SCRIPT_SANDBOXING = YES;
				GCC_C_LANGUAGE_STANDARD = gnu17;
				GCC_DYNAMIC_NO_PIC = NO;
				GCC_NO_COMMON_BLOCKS = YES;
				GCC_OPTIMIZATION_LEVEL = 0;
				GCC_PREPROCESSOR_DEFINITIONS = (
					"DEBUG=1",
					"$(inherited)",
				);
				GCC_WARN_64_TO_32_BIT_CONVERSION = YES;
				GCC_WARN_ABOUT_RETURN_TYPE = YES_ERROR;
				GCC_WARN_UNDECLARED_SELECTOR = YES;
				GCC_WARN_UNINITIALIZED_AUTOS = YES_AGGRESSIVE;
				GCC_WARN_UNUSED_FUNCTION = YES;
				GCC_WARN_UNUSED_VARIABLE = YES;
				IPHONEOS_DEPLOYMENT_TARGET = 14.0;
				LOCALIZATION_PREFERS_STRING_CATALOGS = YES;
				MTL_ENABLE_DEBUG_INFO = INCLUDE_SOURCE;
				MTL_FAST_MATH = YES;
				ONLY_ACTIVE_ARCH = YES;
				SDKROOT = iphoneos;
				SWIFT_ACTIVE_COMPILATION_CONDITIONS = "DEBUG $(inherited)";
				SWIFT_OPTIMIZATION_LEVEL = "-Onone";
			};
			name = Debug;
		};
		243EBF852ADEA8D5009F0922 /* Release */ = {
			isa = XCBuildConfiguration;
			buildSettings = {
				ALWAYS_SEARCH_USER_PATHS = NO;
				ASSETCATALOG_COMPILER_GENERATE_SWIFT_ASSET_SYMBOL_EXTENSIONS = YES;
				CLANG_ANALYZER_NONNULL = YES;
				CLANG_ANALYZER_NUMBER_OBJECT_CONVERSION = YES_AGGRESSIVE;
				CLANG_CXX_LANGUAGE_STANDARD = "gnu++20";
				CLANG_ENABLE_MODULES = YES;
				CLANG_ENABLE_OBJC_ARC = YES;
				CLANG_ENABLE_OBJC_WEAK = YES;
				CLANG_WARN_BLOCK_CAPTURE_AUTORELEASING = YES;
				CLANG_WARN_BOOL_CONVERSION = YES;
				CLANG_WARN_COMMA = YES;
				CLANG_WARN_CONSTANT_CONVERSION = YES;
				CLANG_WARN_DEPRECATED_OBJC_IMPLEMENTATIONS = YES;
				CLANG_WARN_DIRECT_OBJC_ISA_USAGE = YES_ERROR;
				CLANG_WARN_DOCUMENTATION_COMMENTS = YES;
				CLANG_WARN_EMPTY_BODY = YES;
				CLANG_WARN_ENUM_CONVERSION = YES;
				CLANG_WARN_INFINITE_RECURSION = YES;
				CLANG_WARN_INT_CONVERSION = YES;
				CLANG_WARN_NON_LITERAL_NULL_CONVERSION = YES;
				CLANG_WARN_OBJC_IMPLICIT_RETAIN_SELF = YES;
				CLANG_WARN_OBJC_LITERAL_CONVERSION = YES;
				CLANG_WARN_OBJC_ROOT_CLASS = YES_ERROR;
				CLANG_WARN_QUOTED_INCLUDE_IN_FRAMEWORK_HEADER = YES;
				CLANG_WARN_RANGE_LOOP_ANALYSIS = YES;
				CLANG_WARN_STRICT_PROTOTYPES = YES;
				CLANG_WARN_SUSPICIOUS_MOVE = YES;
				CLANG_WARN_UNGUARDED_AVAILABILITY = YES_AGGRESSIVE;
				CLANG_WARN_UNREACHABLE_CODE = YES;
				CLANG_WARN__DUPLICATE_METHOD_MATCH = YES;
				COPY_PHASE_STRIP = NO;
				DEBUG_INFORMATION_FORMAT = "dwarf-with-dsym";
				ENABLE_NS_ASSERTIONS = NO;
				ENABLE_STRICT_OBJC_MSGSEND = YES;
				ENABLE_USER_SCRIPT_SANDBOXING = YES;
				GCC_C_LANGUAGE_STANDARD = gnu17;
				GCC_NO_COMMON_BLOCKS = YES;
				GCC_WARN_64_TO_32_BIT_CONVERSION = YES;
				GCC_WARN_ABOUT_RETURN_TYPE = YES_ERROR;
				GCC_WARN_UNDECLARED_SELECTOR = YES;
				GCC_WARN_UNINITIALIZED_AUTOS = YES_AGGRESSIVE;
				GCC_WARN_UNUSED_FUNCTION = YES;
				GCC_WARN_UNUSED_VARIABLE = YES;
				IPHONEOS_DEPLOYMENT_TARGET = 14.0;
				LOCALIZATION_PREFERS_STRING_CATALOGS = YES;
				MTL_ENABLE_DEBUG_INFO = NO;
				MTL_FAST_MATH = YES;
				SDKROOT = iphoneos;
				SWIFT_COMPILATION_MODE = wholemodule;
				VALIDATE_PRODUCT = YES;
			};
			name = Release;
		};
		243EBF872ADEA8D5009F0922 /* Debug */ = {
			isa = XCBuildConfiguration;
			buildSettings = {
				ASSETCATALOG_COMPILER_APPICON_NAME = AppIcon;
				ASSETCATALOG_COMPILER_GLOBAL_ACCENT_COLOR_NAME = AccentColor;
				CODE_SIGN_STYLE = Automatic;
				CURRENT_PROJECT_VERSION = 1;
				DEVELOPMENT_TEAM = RPSARM5WXZ;
				GENERATE_INFOPLIST_FILE = YES;
				INFOPLIST_FILE = "Hey Spin/Info.plist";
				INFOPLIST_KEY_UIApplicationSupportsIndirectInputEvents = YES;
				INFOPLIST_KEY_UILaunchStoryboardName = LaunchScreen;
				INFOPLIST_KEY_UISupportedInterfaceOrientations = UIInterfaceOrientationPortrait;
				INFOPLIST_KEY_UISupportedInterfaceOrientations_iPad = "UIInterfaceOrientationLandscapeLeft UIInterfaceOrientationLandscapeRight UIInterfaceOrientationPortrait UIInterfaceOrientationPortraitUpsideDown";
				IPHONEOS_DEPLOYMENT_TARGET = 14.0;
				LD_RUNPATH_SEARCH_PATHS = (
					"$(inherited)",
					"@executable_path/Frameworks",
				);
				MARKETING_VERSION = 1.0;
				PRODUCT_BUNDLE_IDENTIFIER = "com.galiev.Hey-Spin";
				PRODUCT_NAME = "$(TARGET_NAME)";
				SUPPORTED_PLATFORMS = "iphoneos iphonesimulator";
				SUPPORTS_MACCATALYST = NO;
				SWIFT_EMIT_LOC_STRINGS = YES;
				SWIFT_VERSION = 5.0;
				TARGETED_DEVICE_FAMILY = 1;
			};
			name = Debug;
		};
		243EBF882ADEA8D5009F0922 /* Release */ = {
			isa = XCBuildConfiguration;
			buildSettings = {
				ASSETCATALOG_COMPILER_APPICON_NAME = AppIcon;
				ASSETCATALOG_COMPILER_GLOBAL_ACCENT_COLOR_NAME = AccentColor;
				CODE_SIGN_STYLE = Automatic;
				CURRENT_PROJECT_VERSION = 1;
				DEVELOPMENT_TEAM = RPSARM5WXZ;
				GENERATE_INFOPLIST_FILE = YES;
				INFOPLIST_FILE = "Hey Spin/Info.plist";
				INFOPLIST_KEY_UIApplicationSupportsIndirectInputEvents = YES;
				INFOPLIST_KEY_UILaunchStoryboardName = LaunchScreen;
				INFOPLIST_KEY_UISupportedInterfaceOrientations = UIInterfaceOrientationPortrait;
				INFOPLIST_KEY_UISupportedInterfaceOrientations_iPad = "UIInterfaceOrientationLandscapeLeft UIInterfaceOrientationLandscapeRight UIInterfaceOrientationPortrait UIInterfaceOrientationPortraitUpsideDown";
				IPHONEOS_DEPLOYMENT_TARGET = 14.0;
				LD_RUNPATH_SEARCH_PATHS = (
					"$(inherited)",
					"@executable_path/Frameworks",
				);
				MARKETING_VERSION = 1.0;
				PRODUCT_BUNDLE_IDENTIFIER = "com.galiev.Hey-Spin";
				PRODUCT_NAME = "$(TARGET_NAME)";
				SUPPORTED_PLATFORMS = "iphoneos iphonesimulator";
				SUPPORTS_MACCATALYST = NO;
				SWIFT_EMIT_LOC_STRINGS = YES;
				SWIFT_VERSION = 5.0;
				TARGETED_DEVICE_FAMILY = 1;
			};
			name = Release;
		};
/* End XCBuildConfiguration section */

/* Begin XCConfigurationList section */
		243EBF6D2ADEA8D1009F0922 /* Build configuration list for PBXProject "Hey Spin" */ = {
			isa = XCConfigurationList;
			buildConfigurations = (
				243EBF842ADEA8D5009F0922 /* Debug */,
				243EBF852ADEA8D5009F0922 /* Release */,
			);
			defaultConfigurationIsVisible = 0;
			defaultConfigurationName = Release;
		};
		243EBF862ADEA8D5009F0922 /* Build configuration list for PBXNativeTarget "Hey Spin" */ = {
			isa = XCConfigurationList;
			buildConfigurations = (
				243EBF872ADEA8D5009F0922 /* Debug */,
				243EBF882ADEA8D5009F0922 /* Release */,
			);
			defaultConfigurationIsVisible = 0;
			defaultConfigurationName = Release;
		};
/* End XCConfigurationList section */
	};
	rootObject = 243EBF6A2ADEA8D1009F0922 /* Project object */;
}
